
Microsoft Visual Studio Solution File, Format Version 12.00
# Visual Studio Version 17
VisualStudioVersion = 17.10.35004.147
MinimumVisualStudioVersion = 10.0.40219.1
Project("{9A19103F-16F7-4668-BE54-9A1E7A4F7556}") = "Ch1_L1_Unchecked", "Ch1_L1\Ch1_L1_Unchecked.csproj", "{338A9717-FFC4-4979-8FB6-75189FEB3097}"
EndProject
Project("{9A19103F-16F7-4668-BE54-9A1E7A4F7556}") = "Ch1_L1_Checked", "Checked\Ch1_L1_Checked.csproj", "{D39BCCD1-7690-4C8B-9A32-5B8EEA683B13}"
EndProject
Project("{9A19103F-16F7-4668-BE54-9A1E7A4F7556}") = "Ch1_L2", "Ch1_L2\Ch1_L2.csproj", "{69BFF536-3D4D-43AF-A3D5-E7C55A45B77E}"
	ProjectSection(ProjectDependencies) = postProject
		{D39BCCD1-7690-4C8B-9A32-5B8EEA683B13} = {D39BCCD1-7690-4C8B-9A32-5B8EEA683B13}
	EndProjectSection
EndProject
Project("{9A19103F-16F7-4668-BE54-9A1E7A4F7556}") = "Ch1_L3", "Ch1_L3\Ch1_L3.csproj", "{DEAC9934-2B13-42E2-9368-E7CF9098799C}"
EndProject
Project("{9A19103F-16F7-4668-BE54-9A1E7A4F7556}") = "Ch1_L4", "Ch1_L4\Ch1_L4.csproj", "{47AB2E6D-0AD9-4C1F-BFF7-621481C4D310}"
EndProject
Project("{FAE04EC0-301F-11D3-BF4B-00C04F79EFBC}") = "Stratch", "Stratch\Stratch.csproj", "{A5AE31CE-458A-4B3C-8511-1585B0BB210D}"
EndProject
Global
	GlobalSection(SolutionConfigurationPlatforms) = preSolution
		Debug|Any CPU = Debug|Any CPU
		Release|Any CPU = Release|Any CPU
	EndGlobalSection
	GlobalSection(ProjectConfigurationPlatforms) = postSolution
		{338A9717-FFC4-4979-8FB6-75189FEB3097}.Debug|Any CPU.ActiveCfg = Debug|Any CPU
		{338A9717-FFC4-4979-8FB6-75189FEB3097}.Debug|Any CPU.Build.0 = Debug|Any CPU
		{338A9717-FFC4-4979-8FB6-75189FEB3097}.Release|Any CPU.ActiveCfg = Release|Any CPU
		{338A9717-FFC4-4979-8FB6-75189FEB3097}.Release|Any CPU.Build.0 = Release|Any CPU
		{D39BCCD1-7690-4C8B-9A32-5B8EEA683B13}.Debug|Any CPU.ActiveCfg = Debug|Any CPU
		{D39BCCD1-7690-4C8B-9A32-5B8EEA683B13}.Debug|Any CPU.Build.0 = Debug|Any CPU
		{D39BCCD1-7690-4C8B-9A32-5B8EEA683B13}.Release|Any CPU.ActiveCfg = Release|Any CPU
		{D39BCCD1-7690-4C8B-9A32-5B8EEA683B13}.Release|Any CPU.Build.0 = Release|Any CPU
		{69BFF536-3D4D-43AF-A3D5-E7C55A45B77E}.Debug|Any CPU.ActiveCfg = Debug|Any CPU
		{69BFF536-3D4D-43AF-A3D5-E7C55A45B77E}.Debug|Any CPU.Build.0 = Debug|Any CPU
		{69BFF536-3D4D-43AF-A3D5-E7C55A45B77E}.Release|Any CPU.ActiveCfg = Release|Any CPU
		{69BFF536-3D4D-43AF-A3D5-E7C55A45B77E}.Release|Any CPU.Build.0 = Release|Any CPU
		{DEAC9934-2B13-42E2-9368-E7CF9098799C}.Debug|Any CPU.ActiveCfg = Debug|Any CPU
		{DEAC9934-2B13-42E2-9368-E7CF9098799C}.Debug|Any CPU.Build.0 = Debug|Any CPU
		{DEAC9934-2B13-42E2-9368-E7CF9098799C}.Release|Any CPU.ActiveCfg = Release|Any CPU
		{DEAC9934-2B13-42E2-9368-E7CF9098799C}.Release|Any CPU.Build.0 = Release|Any CPU
		{47AB2E6D-0AD9-4C1F-BFF7-621481C4D310}.Debug|Any CPU.ActiveCfg = Debug|Any CPU
		{47AB2E6D-0AD9-4C1F-BFF7-621481C4D310}.Debug|Any CPU.Build.0 = Debug|Any CPU
		{47AB2E6D-0AD9-4C1F-BFF7-621481C4D310}.Release|Any CPU.ActiveCfg = Release|Any CPU
		{47AB2E6D-0AD9-4C1F-BFF7-621481C4D310}.Release|Any CPU.Build.0 = Release|Any CPU
		{A5AE31CE-458A-4B3C-8511-1585B0BB210D}.Debug|Any CPU.ActiveCfg = Debug|Any CPU
		{A5AE31CE-458A-4B3C-8511-1585B0BB210D}.Debug|Any CPU.Build.0 = Debug|Any CPU
		{A5AE31CE-458A-4B3C-8511-1585B0BB210D}.Release|Any CPU.ActiveCfg = Release|Any CPU
		{A5AE31CE-458A-4B3C-8511-1585B0BB210D}.Release|Any CPU.Build.0 = Release|Any CPU
	EndGlobalSection
	GlobalSection(SolutionProperties) = preSolution
		HideSolutionNode = FALSE
	EndGlobalSection
	GlobalSection(ExtensibilityGlobals) = postSolution
		SolutionGuid = {F448B4E7-26C7-4EB6-8DF9-9D1985F2193A}
	EndGlobalSection
EndGlobal
