
Microsoft Visual Studio Solution File, Format Version 12.00
# Visual Studio Version 17
VisualStudioVersion = 17.10.35004.147
MinimumVisualStudioVersion = 10.0.40219.1
Project("{9A19103F-16F7-4668-BE54-9A1E7A4F7556}") = "Ch1_L1_Unchecked", "Ch1_L1\Ch1_L1_Unchecked.csproj", "{338A9717-FFC4-4979-8FB6-75189FEB3097}"
EndProject
Project("{9A19103F-16F7-4668-BE54-9A1E7A4F7556}") = "Ch1_L1_Checked", "Checked\Ch1_L1_Checked.csproj", "{D39BCCD1-7690-4C8B-9A32-5B8EEA683B13}"
EndProject
Project("{9A19103F-16F7-4668-BE54-9A1E7A4F7556}") = "Ch1_L2", "Ch1_L2\Ch1_L2.csproj", "{69BFF536-3D4D-43AF-A3D5-E7C55A45B77E}"
	ProjectSection(ProjectDependencies) = postProject
		{D39BCCD1-7690-4C8B-9A32-5B8EEA683B13} = {D39BCCD1-7690-4C8B-9A32-5B8EEA683B13}
	EndProjectSection
EndProject
Project("{9A19103F-16F7-4668-BE54-9A1E7A4F7556}") = "Ch1_L3", "Ch1_L3\Ch1_L3.csproj", "{DEAC9934-2B13-42E2-9368-E7CF9098799C}"
EndProject
Project("{9A19103F-16F7-4668-BE54-9A1E7A4F7556}") = "Ch1_L4", "Ch1_L4\Ch1_L4.csproj", "{47AB2E6D-0AD9-4C1F-BFF7-621481C4D310}"
EndProject
Project("{9A19103F-16F7-4668-BE54-9A1E7A4F7556}") = "Stratch", "Stratch\Stratch.csproj", "{A5AE31CE-458A-4B3C-8511-1585B0BB210D}"
EndProject
Project("{9A19103F-16F7-4668-BE54-9A1E7A4F7556}") = "Quiz", "Quiz\Quiz.csproj", "{C2F04AD1-AAD2-47F2-9CE3-1B63522C1971}"
EndProject
Project("{9A19103F-16F7-4668-BE54-9A1E7A4F7556}") = "Solutions", "Solutions\Solutions.csproj", "{E014C8C6-8A14-40B4-9EA6-8499217F6D53}"
EndProject
Project("{9A19103F-16F7-4668-BE54-9A1E7A4F7556}") = "Ch1_L5", "Ch1_L5\Ch1_L5.csproj", "{ED813169-FC2E-4880-8BC6-9B28156F3EF0}"
EndProject
Project("{9A19103F-16F7-4668-BE54-9A1E7A4F7556}") = "MyUtilities", "MyUtilities\MyUtilities.csproj", "{5F9BB6EB-F28F-49F3-8D1F-AA2DE4D26223}"
EndProject
Project("{9A19103F-16F7-4668-BE54-9A1E7A4F7556}") = "Ch1_L6", "Ch1_L6\Ch1_L6.csproj", "{C14E5E2F-7F57-4C82-9CD3-B04D75F3BBBD}"
EndProject
Project("{9A19103F-16F7-4668-BE54-9A1E7A4F7556}") = "Ch1_L7", "Ch1_L7\Ch1_L7.csproj", "{ED90DAEC-08B5-4636-934C-BE8211D460A1}"
EndProject
Project("{9A19103F-16F7-4668-BE54-9A1E7A4F7556}") = "Ch1_L8", "Ch1_L8\Ch1_L8.csproj", "{5C83CAFA-2CFE-40F2-96FC-8F6DC5EFC750}"
EndProject
Project("{9A19103F-16F7-4668-BE54-9A1E7A4F7556}") = "Ch1_L9", "Ch1_L9\Ch1_L9.csproj", "{FE1BAFC4-CC12-451F-8C09-775DD4FF2C55}"
EndProject
Project("{9A19103F-16F7-4668-BE54-9A1E7A4F7556}") = "Ch1_L10", "Ch1_L10\Ch1_L10.csproj", "{A6DD482B-092E-4365-A4A6-1256687CF7A8}"
EndProject
Project("{9A19103F-16F7-4668-BE54-9A1E7A4F7556}") = "Ch1_L11", "Ch1_L11\Ch1_L11.csproj", "{2515D794-4817-42C7-9F24-BE6104FD2FE5}"
EndProject
Project("{9A19103F-16F7-4668-BE54-9A1E7A4F7556}") = "Ch1_L12", "Ch1_L12\Ch1_L12.csproj", "{07BDDBF9-5EC7-4203-8202-AC4FF4C83A99}"
EndProject
Project("{9A19103F-16F7-4668-BE54-9A1E7A4F7556}") = "Ch1_L13", "Ch1_L13\Ch1_L13.csproj", "{DF09B0B7-F768-4C87-A0AD-268B6396EB7A}"
EndProject
Global
	GlobalSection(SolutionConfigurationPlatforms) = preSolution
		Debug|Any CPU = Debug|Any CPU
		Release|Any CPU = Release|Any CPU
	EndGlobalSection
	GlobalSection(ProjectConfigurationPlatforms) = postSolution
		{338A9717-FFC4-4979-8FB6-75189FEB3097}.Debug|Any CPU.ActiveCfg = Debug|Any CPU
		{338A9717-FFC4-4979-8FB6-75189FEB3097}.Debug|Any CPU.Build.0 = Debug|Any CPU
		{338A9717-FFC4-4979-8FB6-75189FEB3097}.Release|Any CPU.ActiveCfg = Release|Any CPU
		{338A9717-FFC4-4979-8FB6-75189FEB3097}.Release|Any CPU.Build.0 = Release|Any CPU
		{D39BCCD1-7690-4C8B-9A32-5B8EEA683B13}.Debug|Any CPU.ActiveCfg = Debug|Any CPU
		{D39BCCD1-7690-4C8B-9A32-5B8EEA683B13}.Debug|Any CPU.Build.0 = Debug|Any CPU
		{D39BCCD1-7690-4C8B-9A32-5B8EEA683B13}.Release|Any CPU.ActiveCfg = Release|Any CPU
		{D39BCCD1-7690-4C8B-9A32-5B8EEA683B13}.Release|Any CPU.Build.0 = Release|Any CPU
		{69BFF536-3D4D-43AF-A3D5-E7C55A45B77E}.Debug|Any CPU.ActiveCfg = Debug|Any CPU
		{69BFF536-3D4D-43AF-A3D5-E7C55A45B77E}.Debug|Any CPU.Build.0 = Debug|Any CPU
		{69BFF536-3D4D-43AF-A3D5-E7C55A45B77E}.Release|Any CPU.ActiveCfg = Release|Any CPU
		{69BFF536-3D4D-43AF-A3D5-E7C55A45B77E}.Release|Any CPU.Build.0 = Release|Any CPU
		{DEAC9934-2B13-42E2-9368-E7CF9098799C}.Debug|Any CPU.ActiveCfg = Debug|Any CPU
		{DEAC9934-2B13-42E2-9368-E7CF9098799C}.Debug|Any CPU.Build.0 = Debug|Any CPU
		{DEAC9934-2B13-42E2-9368-E7CF9098799C}.Release|Any CPU.ActiveCfg = Release|Any CPU
		{DEAC9934-2B13-42E2-9368-E7CF9098799C}.Release|Any CPU.Build.0 = Release|Any CPU
		{47AB2E6D-0AD9-4C1F-BFF7-621481C4D310}.Debug|Any CPU.ActiveCfg = Debug|Any CPU
		{47AB2E6D-0AD9-4C1F-BFF7-621481C4D310}.Debug|Any CPU.Build.0 = Debug|Any CPU
		{47AB2E6D-0AD9-4C1F-BFF7-621481C4D310}.Release|Any CPU.ActiveCfg = Release|Any CPU
		{47AB2E6D-0AD9-4C1F-BFF7-621481C4D310}.Release|Any CPU.Build.0 = Release|Any CPU
		{A5AE31CE-458A-4B3C-8511-1585B0BB210D}.Debug|Any CPU.ActiveCfg = Debug|Any CPU
		{A5AE31CE-458A-4B3C-8511-1585B0BB210D}.Debug|Any CPU.Build.0 = Debug|Any CPU
		{A5AE31CE-458A-4B3C-8511-1585B0BB210D}.Release|Any CPU.ActiveCfg = Release|Any CPU
		{A5AE31CE-458A-4B3C-8511-1585B0BB210D}.Release|Any CPU.Build.0 = Release|Any CPU
		{C2F04AD1-AAD2-47F2-9CE3-1B63522C1971}.Debug|Any CPU.ActiveCfg = Debug|Any CPU
		{C2F04AD1-AAD2-47F2-9CE3-1B63522C1971}.Debug|Any CPU.Build.0 = Debug|Any CPU
		{C2F04AD1-AAD2-47F2-9CE3-1B63522C1971}.Release|Any CPU.ActiveCfg = Release|Any CPU
		{C2F04AD1-AAD2-47F2-9CE3-1B63522C1971}.Release|Any CPU.Build.0 = Release|Any CPU
		{E014C8C6-8A14-40B4-9EA6-8499217F6D53}.Debug|Any CPU.ActiveCfg = Debug|Any CPU
		{E014C8C6-8A14-40B4-9EA6-8499217F6D53}.Debug|Any CPU.Build.0 = Debug|Any CPU
		{E014C8C6-8A14-40B4-9EA6-8499217F6D53}.Release|Any CPU.ActiveCfg = Release|Any CPU
		{E014C8C6-8A14-40B4-9EA6-8499217F6D53}.Release|Any CPU.Build.0 = Release|Any CPU
		{ED813169-FC2E-4880-8BC6-9B28156F3EF0}.Debug|Any CPU.ActiveCfg = Debug|Any CPU
		{ED813169-FC2E-4880-8BC6-9B28156F3EF0}.Debug|Any CPU.Build.0 = Debug|Any CPU
		{ED813169-FC2E-4880-8BC6-9B28156F3EF0}.Release|Any CPU.ActiveCfg = Release|Any CPU
		{ED813169-FC2E-4880-8BC6-9B28156F3EF0}.Release|Any CPU.Build.0 = Release|Any CPU
		{5F9BB6EB-F28F-49F3-8D1F-AA2DE4D26223}.Debug|Any CPU.ActiveCfg = Debug|Any CPU
		{5F9BB6EB-F28F-49F3-8D1F-AA2DE4D26223}.Debug|Any CPU.Build.0 = Debug|Any CPU
		{5F9BB6EB-F28F-49F3-8D1F-AA2DE4D26223}.Release|Any CPU.ActiveCfg = Release|Any CPU
		{5F9BB6EB-F28F-49F3-8D1F-AA2DE4D26223}.Release|Any CPU.Build.0 = Release|Any CPU
		{C14E5E2F-7F57-4C82-9CD3-B04D75F3BBBD}.Debug|Any CPU.ActiveCfg = Debug|Any CPU
		{C14E5E2F-7F57-4C82-9CD3-B04D75F3BBBD}.Debug|Any CPU.Build.0 = Debug|Any CPU
		{C14E5E2F-7F57-4C82-9CD3-B04D75F3BBBD}.Release|Any CPU.ActiveCfg = Release|Any CPU
		{C14E5E2F-7F57-4C82-9CD3-B04D75F3BBBD}.Release|Any CPU.Build.0 = Release|Any CPU
		{ED90DAEC-08B5-4636-934C-BE8211D460A1}.Debug|Any CPU.ActiveCfg = Debug|Any CPU
		{ED90DAEC-08B5-4636-934C-BE8211D460A1}.Debug|Any CPU.Build.0 = Debug|Any CPU
		{ED90DAEC-08B5-4636-934C-BE8211D460A1}.Release|Any CPU.ActiveCfg = Release|Any CPU
		{ED90DAEC-08B5-4636-934C-BE8211D460A1}.Release|Any CPU.Build.0 = Release|Any CPU
		{5C83CAFA-2CFE-40F2-96FC-8F6DC5EFC750}.Debug|Any CPU.ActiveCfg = Debug|Any CPU
		{5C83CAFA-2CFE-40F2-96FC-8F6DC5EFC750}.Debug|Any CPU.Build.0 = Debug|Any CPU
		{5C83CAFA-2CFE-40F2-96FC-8F6DC5EFC750}.Release|Any CPU.ActiveCfg = Release|Any CPU
		{5C83CAFA-2CFE-40F2-96FC-8F6DC5EFC750}.Release|Any CPU.Build.0 = Release|Any CPU
		{FE1BAFC4-CC12-451F-8C09-775DD4FF2C55}.Debug|Any CPU.ActiveCfg = Debug|Any CPU
		{FE1BAFC4-CC12-451F-8C09-775DD4FF2C55}.Debug|Any CPU.Build.0 = Debug|Any CPU
		{FE1BAFC4-CC12-451F-8C09-775DD4FF2C55}.Release|Any CPU.ActiveCfg = Release|Any CPU
		{FE1BAFC4-CC12-451F-8C09-775DD4FF2C55}.Release|Any CPU.Build.0 = Release|Any CPU
		{A6DD482B-092E-4365-A4A6-1256687CF7A8}.Debug|Any CPU.ActiveCfg = Debug|Any CPU
		{A6DD482B-092E-4365-A4A6-1256687CF7A8}.Debug|Any CPU.Build.0 = Debug|Any CPU
		{A6DD482B-092E-4365-A4A6-1256687CF7A8}.Release|Any CPU.ActiveCfg = Release|Any CPU
		{A6DD482B-092E-4365-A4A6-1256687CF7A8}.Release|Any CPU.Build.0 = Release|Any CPU
		{2515D794-4817-42C7-9F24-BE6104FD2FE5}.Debug|Any CPU.ActiveCfg = Debug|Any CPU
		{2515D794-4817-42C7-9F24-BE6104FD2FE5}.Debug|Any CPU.Build.0 = Debug|Any CPU
		{2515D794-4817-42C7-9F24-BE6104FD2FE5}.Release|Any CPU.ActiveCfg = Release|Any CPU
		{2515D794-4817-42C7-9F24-BE6104FD2FE5}.Release|Any CPU.Build.0 = Release|Any CPU
		{07BDDBF9-5EC7-4203-8202-AC4FF4C83A99}.Debug|Any CPU.ActiveCfg = Debug|Any CPU
		{07BDDBF9-5EC7-4203-8202-AC4FF4C83A99}.Debug|Any CPU.Build.0 = Debug|Any CPU
		{07BDDBF9-5EC7-4203-8202-AC4FF4C83A99}.Release|Any CPU.ActiveCfg = Release|Any CPU
		{07BDDBF9-5EC7-4203-8202-AC4FF4C83A99}.Release|Any CPU.Build.0 = Release|Any CPU
		{DF09B0B7-F768-4C87-A0AD-268B6396EB7A}.Debug|Any CPU.ActiveCfg = Debug|Any CPU
		{DF09B0B7-F768-4C87-A0AD-268B6396EB7A}.Debug|Any CPU.Build.0 = Debug|Any CPU
		{DF09B0B7-F768-4C87-A0AD-268B6396EB7A}.Release|Any CPU.ActiveCfg = Release|Any CPU
		{DF09B0B7-F768-4C87-A0AD-268B6396EB7A}.Release|Any CPU.Build.0 = Release|Any CPU
	EndGlobalSection
	GlobalSection(SolutionProperties) = preSolution
		HideSolutionNode = FALSE
	EndGlobalSection
	GlobalSection(ExtensibilityGlobals) = postSolution
		SolutionGuid = {F448B4E7-26C7-4EB6-8DF9-9D1985F2193A}
	EndGlobalSection
EndGlobal
