
Microsoft Visual Studio Solution File, Format Version 12.00
# Visual Studio Version 17
VisualStudioVersion = 17.10.35004.147
MinimumVisualStudioVersion = 10.0.40219.1
Project("{9A19103F-16F7-4668-BE54-9A1E7A4F7556}") = "Ch1_L1_Unchecked", "Ch1_L1\Ch1_L1_Unchecked.csproj", "{338A9717-FFC4-4979-8FB6-75189FEB3097}"
EndProject
Project("{9A19103F-16F7-4668-BE54-9A1E7A4F7556}") = "Ch1_L1_Checked", "Checked\Ch1_L1_Checked.csproj", "{D39BCCD1-7690-4C8B-9A32-5B8EEA683B13}"
EndProject
Project("{9A19103F-16F7-4668-BE54-9A1E7A4F7556}") = "Ch1_L2", "Ch1_L2\Ch1_L2.csproj", "{69BFF536-3D4D-43AF-A3D5-E7C55A45B77E}"
	ProjectSection(ProjectDependencies) = postProject
		{D39BCCD1-7690-4C8B-9A32-5B8EEA683B13} = {D39BCCD1-7690-4C8B-9A32-5B8EEA683B13}
	EndProjectSection
EndProject
Project("{9A19103F-16F7-4668-BE54-9A1E7A4F7556}") = "Ch1_L3", "Ch1_L3\Ch1_L3.csproj", "{DEAC9934-2B13-42E2-9368-E7CF9098799C}"
EndProject
Project("{9A19103F-16F7-4668-BE54-9A1E7A4F7556}") = "Ch1_L4", "Ch1_L4\Ch1_L4.csproj", "{47AB2E6D-0AD9-4C1F-BFF7-621481C4D310}"
EndProject
Project("{9A19103F-16F7-4668-BE54-9A1E7A4F7556}") = "Quiz", "Quiz\Quiz.csproj", "{C2F04AD1-AAD2-47F2-9CE3-1B63522C1971}"
EndProject
Project("{9A19103F-16F7-4668-BE54-9A1E7A4F7556}") = "Solutions", "Solutions\Solutions.csproj", "{E014C8C6-8A14-40B4-9EA6-8499217F6D53}"
EndProject
Project("{9A19103F-16F7-4668-BE54-9A1E7A4F7556}") = "Ch1_L5", "Ch1_L5\Ch1_L5.csproj", "{ED813169-FC2E-4880-8BC6-9B28156F3EF0}"
EndProject
Project("{9A19103F-16F7-4668-BE54-9A1E7A4F7556}") = "MyUtilities", "MyUtilities\MyUtilities.csproj", "{5F9BB6EB-F28F-49F3-8D1F-AA2DE4D26223}"
EndProject
Project("{9A19103F-16F7-4668-BE54-9A1E7A4F7556}") = "Ch1_L6", "Ch1_L6\Ch1_L6.csproj", "{C14E5E2F-7F57-4C82-9CD3-B04D75F3BBBD}"
EndProject
Project("{9A19103F-16F7-4668-BE54-9A1E7A4F7556}") = "Ch1_L7", "Ch1_L7\Ch1_L7.csproj", "{ED90DAEC-08B5-4636-934C-BE8211D460A1}"
EndProject
Project("{9A19103F-16F7-4668-BE54-9A1E7A4F7556}") = "Ch1_L8", "Ch1_L8\Ch1_L8.csproj", "{5C83CAFA-2CFE-40F2-96FC-8F6DC5EFC750}"
EndProject
Project("{9A19103F-16F7-4668-BE54-9A1E7A4F7556}") = "Ch1_L14", "Ch1_L14\Ch1_L14.csproj", "{815042FD-8187-462F-9CCE-47943CF1F0DC}"
EndProject
Project("{9A19103F-16F7-4668-BE54-9A1E7A4F7556}") = "Ch1_L13", "Ch1_L13\Ch1_L13.csproj", "{954E0B0F-8A6C-404B-9C18-D74472651355}"
EndProject
Project("{9A19103F-16F7-4668-BE54-9A1E7A4F7556}") = "Ch1_L12", "Ch1_L12\Ch1_L12.csproj", "{4EC03BB7-AA1E-4A7B-AA26-50CB8D3F3774}"
EndProject
Project("{9A19103F-16F7-4668-BE54-9A1E7A4F7556}") = "Ch1_L11", "Ch1_L11\Ch1_L11.csproj", "{317712F0-A7F8-44BC-AA3F-E62132CEDB77}"
EndProject
Project("{9A19103F-16F7-4668-BE54-9A1E7A4F7556}") = "Ch1_L10", "Ch1_L10\Ch1_L10.csproj", "{278014F2-582B-46DA-B501-6A7F521D9716}"
EndProject
Project("{9A19103F-16F7-4668-BE54-9A1E7A4F7556}") = "Ch1_L9", "Ch1_L9\Ch1_L9.csproj", "{8FF0D427-44D4-46BA-9259-F6A5DC590EC4}"
EndProject
Project("{9A19103F-16F7-4668-BE54-9A1E7A4F7556}") = "Ch1_L12_Supplymentary", "Ch1_L12_Supplymentary\Ch1_L12_Supplymentary.csproj", "{3F1BB9E9-FB98-4559-841E-E1C0A818F7E9}"
EndProject
Project("{9A19103F-16F7-4668-BE54-9A1E7A4F7556}") = "ThirdPartyClassLib", "ThirdPartyClassLib\ThirdPartyClassLib.csproj", "{60F402C5-1F47-4A90-A119-0F9026E076E1}"
EndProject
Project("{9A19103F-16F7-4668-BE54-9A1E7A4F7556}") = "ThirdPartyMethodWrapper", "ThirdPartyMethodWrapper\ThirdPartyMethodWrapper.csproj", "{ECF8B90E-1297-4452-B351-1C026648D4B0}"
EndProject
Project("{9A19103F-16F7-4668-BE54-9A1E7A4F7556}") = "Ch1_L14.Test", "Ch1_L14.Test\Ch1_L14.Test.csproj", "{FCCC0C0B-4A6D-4C33-99BC-391854C1D89B}"
EndProject
Global
	GlobalSection(SolutionConfigurationPlatforms) = preSolution
		Debug|Any CPU = Debug|Any CPU
		Release|Any CPU = Release|Any CPU
	EndGlobalSection
	GlobalSection(ProjectConfigurationPlatforms) = postSolution
		{338A9717-FFC4-4979-8FB6-75189FEB3097}.Debug|Any CPU.ActiveCfg = Debug|Any CPU
		{338A9717-FFC4-4979-8FB6-75189FEB3097}.Debug|Any CPU.Build.0 = Debug|Any CPU
		{338A9717-FFC4-4979-8FB6-75189FEB3097}.Release|Any CPU.ActiveCfg = Release|Any CPU
		{338A9717-FFC4-4979-8FB6-75189FEB3097}.Release|Any CPU.Build.0 = Release|Any CPU
		{D39BCCD1-7690-4C8B-9A32-5B8EEA683B13}.Debug|Any CPU.ActiveCfg = Debug|Any CPU
		{D39BCCD1-7690-4C8B-9A32-5B8EEA683B13}.Debug|Any CPU.Build.0 = Debug|Any CPU
		{D39BCCD1-7690-4C8B-9A32-5B8EEA683B13}.Release|Any CPU.ActiveCfg = Release|Any CPU
		{D39BCCD1-7690-4C8B-9A32-5B8EEA683B13}.Release|Any CPU.Build.0 = Release|Any CPU
		{69BFF536-3D4D-43AF-A3D5-E7C55A45B77E}.Debug|Any CPU.ActiveCfg = Debug|Any CPU
		{69BFF536-3D4D-43AF-A3D5-E7C55A45B77E}.Debug|Any CPU.Build.0 = Debug|Any CPU
		{69BFF536-3D4D-43AF-A3D5-E7C55A45B77E}.Release|Any CPU.ActiveCfg = Release|Any CPU
		{69BFF536-3D4D-43AF-A3D5-E7C55A45B77E}.Release|Any CPU.Build.0 = Release|Any CPU
		{DEAC9934-2B13-42E2-9368-E7CF9098799C}.Debug|Any CPU.ActiveCfg = Debug|Any CPU
		{DEAC9934-2B13-42E2-9368-E7CF9098799C}.Debug|Any CPU.Build.0 = Debug|Any CPU
		{DEAC9934-2B13-42E2-9368-E7CF9098799C}.Release|Any CPU.ActiveCfg = Release|Any CPU
		{DEAC9934-2B13-42E2-9368-E7CF9098799C}.Release|Any CPU.Build.0 = Release|Any CPU
		{47AB2E6D-0AD9-4C1F-BFF7-621481C4D310}.Debug|Any CPU.ActiveCfg = Debug|Any CPU
		{47AB2E6D-0AD9-4C1F-BFF7-621481C4D310}.Debug|Any CPU.Build.0 = Debug|Any CPU
		{47AB2E6D-0AD9-4C1F-BFF7-621481C4D310}.Release|Any CPU.ActiveCfg = Release|Any CPU
		{47AB2E6D-0AD9-4C1F-BFF7-621481C4D310}.Release|Any CPU.Build.0 = Release|Any CPU
		{C2F04AD1-AAD2-47F2-9CE3-1B63522C1971}.Debug|Any CPU.ActiveCfg = Debug|Any CPU
		{C2F04AD1-AAD2-47F2-9CE3-1B63522C1971}.Debug|Any CPU.Build.0 = Debug|Any CPU
		{C2F04AD1-AAD2-47F2-9CE3-1B63522C1971}.Release|Any CPU.ActiveCfg = Release|Any CPU
		{C2F04AD1-AAD2-47F2-9CE3-1B63522C1971}.Release|Any CPU.Build.0 = Release|Any CPU
		{E014C8C6-8A14-40B4-9EA6-8499217F6D53}.Debug|Any CPU.ActiveCfg = Debug|Any CPU
		{E014C8C6-8A14-40B4-9EA6-8499217F6D53}.Debug|Any CPU.Build.0 = Debug|Any CPU
		{E014C8C6-8A14-40B4-9EA6-8499217F6D53}.Release|Any CPU.ActiveCfg = Release|Any CPU
		{E014C8C6-8A14-40B4-9EA6-8499217F6D53}.Release|Any CPU.Build.0 = Release|Any CPU
		{ED813169-FC2E-4880-8BC6-9B28156F3EF0}.Debug|Any CPU.ActiveCfg = Debug|Any CPU
		{ED813169-FC2E-4880-8BC6-9B28156F3EF0}.Debug|Any CPU.Build.0 = Debug|Any CPU
		{ED813169-FC2E-4880-8BC6-9B28156F3EF0}.Release|Any CPU.ActiveCfg = Release|Any CPU
		{ED813169-FC2E-4880-8BC6-9B28156F3EF0}.Release|Any CPU.Build.0 = Release|Any CPU
		{5F9BB6EB-F28F-49F3-8D1F-AA2DE4D26223}.Debug|Any CPU.ActiveCfg = Debug|Any CPU
		{5F9BB6EB-F28F-49F3-8D1F-AA2DE4D26223}.Debug|Any CPU.Build.0 = Debug|Any CPU
		{5F9BB6EB-F28F-49F3-8D1F-AA2DE4D26223}.Release|Any CPU.ActiveCfg = Release|Any CPU
		{5F9BB6EB-F28F-49F3-8D1F-AA2DE4D26223}.Release|Any CPU.Build.0 = Release|Any CPU
		{C14E5E2F-7F57-4C82-9CD3-B04D75F3BBBD}.Debug|Any CPU.ActiveCfg = Debug|Any CPU
		{C14E5E2F-7F57-4C82-9CD3-B04D75F3BBBD}.Debug|Any CPU.Build.0 = Debug|Any CPU
		{C14E5E2F-7F57-4C82-9CD3-B04D75F3BBBD}.Release|Any CPU.ActiveCfg = Release|Any CPU
		{C14E5E2F-7F57-4C82-9CD3-B04D75F3BBBD}.Release|Any CPU.Build.0 = Release|Any CPU
		{ED90DAEC-08B5-4636-934C-BE8211D460A1}.Debug|Any CPU.ActiveCfg = Debug|Any CPU
		{ED90DAEC-08B5-4636-934C-BE8211D460A1}.Debug|Any CPU.Build.0 = Debug|Any CPU
		{ED90DAEC-08B5-4636-934C-BE8211D460A1}.Release|Any CPU.ActiveCfg = Release|Any CPU
		{ED90DAEC-08B5-4636-934C-BE8211D460A1}.Release|Any CPU.Build.0 = Release|Any CPU
		{5C83CAFA-2CFE-40F2-96FC-8F6DC5EFC750}.Debug|Any CPU.ActiveCfg = Debug|Any CPU
		{5C83CAFA-2CFE-40F2-96FC-8F6DC5EFC750}.Debug|Any CPU.Build.0 = Debug|Any CPU
		{5C83CAFA-2CFE-40F2-96FC-8F6DC5EFC750}.Release|Any CPU.ActiveCfg = Release|Any CPU
		{5C83CAFA-2CFE-40F2-96FC-8F6DC5EFC750}.Release|Any CPU.Build.0 = Release|Any CPU
		{815042FD-8187-462F-9CCE-47943CF1F0DC}.Debug|Any CPU.ActiveCfg = Debug|Any CPU
		{815042FD-8187-462F-9CCE-47943CF1F0DC}.Debug|Any CPU.Build.0 = Debug|Any CPU
		{815042FD-8187-462F-9CCE-47943CF1F0DC}.Release|Any CPU.ActiveCfg = Release|Any CPU
		{815042FD-8187-462F-9CCE-47943CF1F0DC}.Release|Any CPU.Build.0 = Release|Any CPU
		{954E0B0F-8A6C-404B-9C18-D74472651355}.Debug|Any CPU.ActiveCfg = Debug|Any CPU
		{954E0B0F-8A6C-404B-9C18-D74472651355}.Debug|Any CPU.Build.0 = Debug|Any CPU
		{954E0B0F-8A6C-404B-9C18-D74472651355}.Release|Any CPU.ActiveCfg = Release|Any CPU
		{954E0B0F-8A6C-404B-9C18-D74472651355}.Release|Any CPU.Build.0 = Release|Any CPU
		{4EC03BB7-AA1E-4A7B-AA26-50CB8D3F3774}.Debug|Any CPU.ActiveCfg = Debug|Any CPU
		{4EC03BB7-AA1E-4A7B-AA26-50CB8D3F3774}.Debug|Any CPU.Build.0 = Debug|Any CPU
		{4EC03BB7-AA1E-4A7B-AA26-50CB8D3F3774}.Release|Any CPU.ActiveCfg = Release|Any CPU
		{4EC03BB7-AA1E-4A7B-AA26-50CB8D3F3774}.Release|Any CPU.Build.0 = Release|Any CPU
		{317712F0-A7F8-44BC-AA3F-E62132CEDB77}.Debug|Any CPU.ActiveCfg = Debug|Any CPU
		{317712F0-A7F8-44BC-AA3F-E62132CEDB77}.Debug|Any CPU.Build.0 = Debug|Any CPU
		{317712F0-A7F8-44BC-AA3F-E62132CEDB77}.Release|Any CPU.ActiveCfg = Release|Any CPU
		{317712F0-A7F8-44BC-AA3F-E62132CEDB77}.Release|Any CPU.Build.0 = Release|Any CPU
		{278014F2-582B-46DA-B501-6A7F521D9716}.Debug|Any CPU.ActiveCfg = Debug|Any CPU
		{278014F2-582B-46DA-B501-6A7F521D9716}.Debug|Any CPU.Build.0 = Debug|Any CPU
		{278014F2-582B-46DA-B501-6A7F521D9716}.Release|Any CPU.ActiveCfg = Release|Any CPU
		{278014F2-582B-46DA-B501-6A7F521D9716}.Release|Any CPU.Build.0 = Release|Any CPU
		{8FF0D427-44D4-46BA-9259-F6A5DC590EC4}.Debug|Any CPU.ActiveCfg = Debug|Any CPU
		{8FF0D427-44D4-46BA-9259-F6A5DC590EC4}.Debug|Any CPU.Build.0 = Debug|Any CPU
		{8FF0D427-44D4-46BA-9259-F6A5DC590EC4}.Release|Any CPU.ActiveCfg = Release|Any CPU
		{8FF0D427-44D4-46BA-9259-F6A5DC590EC4}.Release|Any CPU.Build.0 = Release|Any CPU
		{3F1BB9E9-FB98-4559-841E-E1C0A818F7E9}.Debug|Any CPU.ActiveCfg = Debug|Any CPU
		{3F1BB9E9-FB98-4559-841E-E1C0A818F7E9}.Debug|Any CPU.Build.0 = Debug|Any CPU
		{3F1BB9E9-FB98-4559-841E-E1C0A818F7E9}.Release|Any CPU.ActiveCfg = Release|Any CPU
		{3F1BB9E9-FB98-4559-841E-E1C0A818F7E9}.Release|Any CPU.Build.0 = Release|Any CPU
		{60F402C5-1F47-4A90-A119-0F9026E076E1}.Debug|Any CPU.ActiveCfg = Debug|Any CPU
		{60F402C5-1F47-4A90-A119-0F9026E076E1}.Debug|Any CPU.Build.0 = Debug|Any CPU
		{60F402C5-1F47-4A90-A119-0F9026E076E1}.Release|Any CPU.ActiveCfg = Release|Any CPU
		{60F402C5-1F47-4A90-A119-0F9026E076E1}.Release|Any CPU.Build.0 = Release|Any CPU
		{ECF8B90E-1297-4452-B351-1C026648D4B0}.Debug|Any CPU.ActiveCfg = Debug|Any CPU
		{ECF8B90E-1297-4452-B351-1C026648D4B0}.Debug|Any CPU.Build.0 = Debug|Any CPU
		{ECF8B90E-1297-4452-B351-1C026648D4B0}.Release|Any CPU.ActiveCfg = Release|Any CPU
		{ECF8B90E-1297-4452-B351-1C026648D4B0}.Release|Any CPU.Build.0 = Release|Any CPU
		{FCCC0C0B-4A6D-4C33-99BC-391854C1D89B}.Debug|Any CPU.ActiveCfg = Debug|Any CPU
		{FCCC0C0B-4A6D-4C33-99BC-391854C1D89B}.Debug|Any CPU.Build.0 = Debug|Any CPU
		{FCCC0C0B-4A6D-4C33-99BC-391854C1D89B}.Release|Any CPU.ActiveCfg = Release|Any CPU
		{FCCC0C0B-4A6D-4C33-99BC-391854C1D89B}.Release|Any CPU.Build.0 = Release|Any CPU
	EndGlobalSection
	GlobalSection(SolutionProperties) = preSolution
		HideSolutionNode = FALSE
	EndGlobalSection
	GlobalSection(ExtensibilityGlobals) = postSolution
		SolutionGuid = {F448B4E7-26C7-4EB6-8DF9-9D1985F2193A}
	EndGlobalSection
EndGlobal
